
Microsoft Visual Studio Solution File, Format Version 12.00
# Visual Studio Version 17
VisualStudioVersion = 17.0.31903.59
MinimumVisualStudioVersion = 10.0.40219.1
Project("{2150E333-8FDC-42A3-9474-1A3956D46DE8}") = "src", "src", "{827E0CD3-B72D-47B6-A68D-7590B98EB39B}"
EndProject
Project("{FAE04EC0-301F-11D3-BF4B-00C04F79EFBC}") = "Keel.Domain", "src\Keel.Domain\Keel.Domain.csproj", "{56755A5F-8B56-46E6-8CD5-BB02B1A64C99}"
EndProject
Project("{FAE04EC0-301F-11D3-BF4B-00C04F79EFBC}") = "Keel.Application", "src\Keel.Application\Keel.Application.csproj", "{4032C25C-026B-4898-8391-59ABE4E65263}"
EndProject
Project("{2150E333-8FDC-42A3-9474-1A3956D46DE8}") = "tests", "tests", "{0AB3BF05-4346-4AA6-1389-037BE0695223}"
EndProject
Project("{FAE04EC0-301F-11D3-BF4B-00C04F79EFBC}") = "Keel.Domain.Tests", "tests\Keel.Domain.Tests\Keel.Domain.Tests.csproj", "{1F0E1E7D-ADA1-428A-B5F5-A393CD63880C}"
EndProject
Project("{FAE04EC0-301F-11D3-BF4B-00C04F79EFBC}") = "Keel.Infrastructure", "src\Keel.Infrastructure\Keel.Infrastructure.csproj", "{516D354A-F9B8-488B-9F68-C859CCB7D3F5}"
EndProject
Project("{FAE04EC0-301F-11D3-BF4B-00C04F79EFBC}") = "Keel.Infrastructure.Tests", "tests\Keel.Infrastructure.Tests\Keel.Infrastructure.Tests.csproj", "{55586E3F-9CEE-477E-9006-C028433AFCD6}"
EndProject
Project("{FAE04EC0-301F-11D3-BF4B-00C04F79EFBC}") = "Keel.Desktop", "src\Keel.Desktop\Keel.Desktop.csproj", "{C62360FF-4C4B-43E7-A7DB-BD46E4B83B77}"
EndProject
Project("{FAE04EC0-301F-11D3-BF4B-00C04F79EFBC}") = "Keel.Desktop.Tests", "tests\Keel.Desktop.Tests\Keel.Desktop.Tests.csproj", "{65A7A682-8387-4E5C-9EE8-1CFA7D4E34B8}"
EndProject
Global
	GlobalSection(SolutionConfigurationPlatforms) = preSolution
		Debug|Any CPU = Debug|Any CPU
		Debug|x64 = Debug|x64
		Debug|x86 = Debug|x86
		Release|Any CPU = Release|Any CPU
		Release|x64 = Release|x64
		Release|x86 = Release|x86
	EndGlobalSection
	GlobalSection(ProjectConfigurationPlatforms) = postSolution
		{56755A5F-8B56-46E6-8CD5-BB02B1A64C99}.Debug|Any CPU.ActiveCfg = Debug|Any CPU
		{56755A5F-8B56-46E6-8CD5-BB02B1A64C99}.Debug|Any CPU.Build.0 = Debug|Any CPU
		{56755A5F-8B56-46E6-8CD5-BB02B1A64C99}.Debug|x64.ActiveCfg = Debug|Any CPU
		{56755A5F-8B56-46E6-8CD5-BB02B1A64C99}.Debug|x64.Build.0 = Debug|Any CPU
		{56755A5F-8B56-46E6-8CD5-BB02B1A64C99}.Debug|x86.ActiveCfg = Debug|Any CPU
		{56755A5F-8B56-46E6-8CD5-BB02B1A64C99}.Debug|x86.Build.0 = Debug|Any CPU
		{56755A5F-8B56-46E6-8CD5-BB02B1A64C99}.Release|Any CPU.ActiveCfg = Release|Any CPU
		{56755A5F-8B56-46E6-8CD5-BB02B1A64C99}.Release|Any CPU.Build.0 = Release|Any CPU
		{56755A5F-8B56-46E6-8CD5-BB02B1A64C99}.Release|x64.ActiveCfg = Release|Any CPU
		{56755A5F-8B56-46E6-8CD5-BB02B1A64C99}.Release|x64.Build.0 = Release|Any CPU
		{56755A5F-8B56-46E6-8CD5-BB02B1A64C99}.Release|x86.ActiveCfg = Release|Any CPU
		{56755A5F-8B56-46E6-8CD5-BB02B1A64C99}.Release|x86.Build.0 = Release|Any CPU
		{4032C25C-026B-4898-8391-59ABE4E65263}.Debug|Any CPU.ActiveCfg = Debug|Any CPU
		{4032C25C-026B-4898-8391-59ABE4E65263}.Debug|Any CPU.Build.0 = Debug|Any CPU
		{4032C25C-026B-4898-8391-59ABE4E65263}.Debug|x64.ActiveCfg = Debug|Any CPU
		{4032C25C-026B-4898-8391-59ABE4E65263}.Debug|x64.Build.0 = Debug|Any CPU
		{4032C25C-026B-4898-8391-59ABE4E65263}.Debug|x86.ActiveCfg = Debug|Any CPU
		{4032C25C-026B-4898-8391-59ABE4E65263}.Debug|x86.Build.0 = Debug|Any CPU
		{4032C25C-026B-4898-8391-59ABE4E65263}.Release|Any CPU.ActiveCfg = Release|Any CPU
		{4032C25C-026B-4898-8391-59ABE4E65263}.Release|Any CPU.Build.0 = Release|Any CPU
		{4032C25C-026B-4898-8391-59ABE4E65263}.Release|x64.ActiveCfg = Release|Any CPU
		{4032C25C-026B-4898-8391-59ABE4E65263}.Release|x64.Build.0 = Release|Any CPU
		{4032C25C-026B-4898-8391-59ABE4E65263}.Release|x86.ActiveCfg = Release|Any CPU
		{4032C25C-026B-4898-8391-59ABE4E65263}.Release|x86.Build.0 = Release|Any CPU
		{1F0E1E7D-ADA1-428A-B5F5-A393CD63880C}.Debug|Any CPU.ActiveCfg = Debug|Any CPU
		{1F0E1E7D-ADA1-428A-B5F5-A393CD63880C}.Debug|Any CPU.Build.0 = Debug|Any CPU
		{1F0E1E7D-ADA1-428A-B5F5-A393CD63880C}.Debug|x64.ActiveCfg = Debug|Any CPU
		{1F0E1E7D-ADA1-428A-B5F5-A393CD63880C}.Debug|x64.Build.0 = Debug|Any CPU
		{1F0E1E7D-ADA1-428A-B5F5-A393CD63880C}.Debug|x86.ActiveCfg = Debug|Any CPU
		{1F0E1E7D-ADA1-428A-B5F5-A393CD63880C}.Debug|x86.Build.0 = Debug|Any CPU
		{1F0E1E7D-ADA1-428A-B5F5-A393CD63880C}.Release|Any CPU.ActiveCfg = Release|Any CPU
		{1F0E1E7D-ADA1-428A-B5F5-A393CD63880C}.Release|Any CPU.Build.0 = Release|Any CPU
		{1F0E1E7D-ADA1-428A-B5F5-A393CD63880C}.Release|x64.ActiveCfg = Release|Any CPU
		{1F0E1E7D-ADA1-428A-B5F5-A393CD63880C}.Release|x64.Build.0 = Release|Any CPU
		{1F0E1E7D-ADA1-428A-B5F5-A393CD63880C}.Release|x86.ActiveCfg = Release|Any CPU
		{1F0E1E7D-ADA1-428A-B5F5-A393CD63880C}.Release|x86.Build.0 = Release|Any CPU
		{516D354A-F9B8-488B-9F68-C859CCB7D3F5}.Debug|Any CPU.ActiveCfg = Debug|Any CPU
		{516D354A-F9B8-488B-9F68-C859CCB7D3F5}.Debug|Any CPU.Build.0 = Debug|Any CPU
		{516D354A-F9B8-488B-9F68-C859CCB7D3F5}.Debug|x64.ActiveCfg = Debug|Any CPU
		{516D354A-F9B8-488B-9F68-C859CCB7D3F5}.Debug|x64.Build.0 = Debug|Any CPU
		{516D354A-F9B8-488B-9F68-C859CCB7D3F5}.Debug|x86.ActiveCfg = Debug|Any CPU
		{516D354A-F9B8-488B-9F68-C859CCB7D3F5}.Debug|x86.Build.0 = Debug|Any CPU
		{516D354A-F9B8-488B-9F68-C859CCB7D3F5}.Release|Any CPU.ActiveCfg = Release|Any CPU
		{516D354A-F9B8-488B-9F68-C859CCB7D3F5}.Release|Any CPU.Build.0 = Release|Any CPU
		{516D354A-F9B8-488B-9F68-C859CCB7D3F5}.Release|x64.ActiveCfg = Release|Any CPU
		{516D354A-F9B8-488B-9F68-C859CCB7D3F5}.Release|x64.Build.0 = Release|Any CPU
		{516D354A-F9B8-488B-9F68-C859CCB7D3F5}.Release|x86.ActiveCfg = Release|Any CPU
		{516D354A-F9B8-488B-9F68-C859CCB7D3F5}.Release|x86.Build.0 = Release|Any CPU
		{55586E3F-9CEE-477E-9006-C028433AFCD6}.Debug|Any CPU.ActiveCfg = Debug|Any CPU
		{55586E3F-9CEE-477E-9006-C028433AFCD6}.Debug|Any CPU.Build.0 = Debug|Any CPU
		{55586E3F-9CEE-477E-9006-C028433AFCD6}.Debug|x64.ActiveCfg = Debug|Any CPU
		{55586E3F-9CEE-477E-9006-C028433AFCD6}.Debug|x64.Build.0 = Debug|Any CPU
		{55586E3F-9CEE-477E-9006-C028433AFCD6}.Debug|x86.ActiveCfg = Debug|Any CPU
		{55586E3F-9CEE-477E-9006-C028433AFCD6}.Debug|x86.Build.0 = Debug|Any CPU
		{55586E3F-9CEE-477E-9006-C028433AFCD6}.Release|Any CPU.ActiveCfg = Release|Any CPU
		{55586E3F-9CEE-477E-9006-C028433AFCD6}.Release|Any CPU.Build.0 = Release|Any CPU
		{55586E3F-9CEE-477E-9006-C028433AFCD6}.Release|x64.ActiveCfg = Release|Any CPU
		{55586E3F-9CEE-477E-9006-C028433AFCD6}.Release|x64.Build.0 = Release|Any CPU
		{55586E3F-9CEE-477E-9006-C028433AFCD6}.Release|x86.ActiveCfg = Release|Any CPU
		{55586E3F-9CEE-477E-9006-C028433AFCD6}.Release|x86.Build.0 = Release|Any CPU
		{C62360FF-4C4B-43E7-A7DB-BD46E4B83B77}.Debug|Any CPU.ActiveCfg = Debug|Any CPU
		{C62360FF-4C4B-43E7-A7DB-BD46E4B83B77}.Debug|Any CPU.Build.0 = Debug|Any CPU
		{C62360FF-4C4B-43E7-A7DB-BD46E4B83B77}.Debug|x64.ActiveCfg = Debug|Any CPU
		{C62360FF-4C4B-43E7-A7DB-BD46E4B83B77}.Debug|x64.Build.0 = Debug|Any CPU
		{C62360FF-4C4B-43E7-A7DB-BD46E4B83B77}.Debug|x86.ActiveCfg = Debug|Any CPU
		{C62360FF-4C4B-43E7-A7DB-BD46E4B83B77}.Debug|x86.Build.0 = Debug|Any CPU
		{C62360FF-4C4B-43E7-A7DB-BD46E4B83B77}.Release|Any CPU.ActiveCfg = Release|Any CPU
		{C62360FF-4C4B-43E7-A7DB-BD46E4B83B77}.Release|Any CPU.Build.0 = Release|Any CPU
		{C62360FF-4C4B-43E7-A7DB-BD46E4B83B77}.Release|x64.ActiveCfg = Release|Any CPU
		{C62360FF-4C4B-43E7-A7DB-BD46E4B83B77}.Release|x64.Build.0 = Release|Any CPU
		{C62360FF-4C4B-43E7-A7DB-BD46E4B83B77}.Release|x86.ActiveCfg = Release|Any CPU
		{C62360FF-4C4B-43E7-A7DB-BD46E4B83B77}.Release|x86.Build.0 = Release|Any CPU
		{65A7A682-8387-4E5C-9EE8-1CFA7D4E34B8}.Debug|Any CPU.ActiveCfg = Debug|Any CPU
		{65A7A682-8387-4E5C-9EE8-1CFA7D4E34B8}.Debug|Any CPU.Build.0 = Debug|Any CPU
		{65A7A682-8387-4E5C-9EE8-1CFA7D4E34B8}.Debug|x64.ActiveCfg = Debug|Any CPU
		{65A7A682-8387-4E5C-9EE8-1CFA7D4E34B8}.Debug|x64.Build.0 = Debug|Any CPU
		{65A7A682-8387-4E5C-9EE8-1CFA7D4E34B8}.Debug|x86.ActiveCfg = Debug|Any CPU
		{65A7A682-8387-4E5C-9EE8-1CFA7D4E34B8}.Debug|x86.Build.0 = Debug|Any CPU
		{65A7A682-8387-4E5C-9EE8-1CFA7D4E34B8}.Release|Any CPU.ActiveCfg = Release|Any CPU
		{65A7A682-8387-4E5C-9EE8-1CFA7D4E34B8}.Release|Any CPU.Build.0 = Release|Any CPU
		{65A7A682-8387-4E5C-9EE8-1CFA7D4E34B8}.Release|x64.ActiveCfg = Release|Any CPU
		{65A7A682-8387-4E5C-9EE8-1CFA7D4E34B8}.Release|x64.Build.0 = Release|Any CPU
		{65A7A682-8387-4E5C-9EE8-1CFA7D4E34B8}.Release|x86.ActiveCfg = Release|Any CPU
		{65A7A682-8387-4E5C-9EE8-1CFA7D4E34B8}.Release|x86.Build.0 = Release|Any CPU
	EndGlobalSection
	GlobalSection(SolutionProperties) = preSolution
		HideSolutionNode = FALSE
	EndGlobalSection
	GlobalSection(NestedProjects) = preSolution
		{56755A5F-8B56-46E6-8CD5-BB02B1A64C99} = {827E0CD3-B72D-47B6-A68D-7590B98EB39B}
		{4032C25C-026B-4898-8391-59ABE4E65263} = {827E0CD3-B72D-47B6-A68D-7590B98EB39B}
		{1F0E1E7D-ADA1-428A-B5F5-A393CD63880C} = {0AB3BF05-4346-4AA6-1389-037BE0695223}
		{516D354A-F9B8-488B-9F68-C859CCB7D3F5} = {827E0CD3-B72D-47B6-A68D-7590B98EB39B}
		{55586E3F-9CEE-477E-9006-C028433AFCD6} = {0AB3BF05-4346-4AA6-1389-037BE0695223}
		{C62360FF-4C4B-43E7-A7DB-BD46E4B83B77} = {827E0CD3-B72D-47B6-A68D-7590B98EB39B}
		{65A7A682-8387-4E5C-9EE8-1CFA7D4E34B8} = {0AB3BF05-4346-4AA6-1389-037BE0695223}
	EndGlobalSection
EndGlobal
